{
  "name": "json-cache-db",
  "version": "1.0.0",
  "lockfileVersion": 1,
  "requires": true,
  "dependencies": {
    "memory-cache2": {
      "version": "2.0.0",
      "resolved": "https://registry.npmjs.org/memory-cache2/-/memory-cache2-2.0.0.tgz",
      "integrity": "sha512-IZStB3nEjQtkcc6gkQQDY9TTXJFVazFKP7zYSCRhKLVxrHBwkRGouijuQWFsPDP68u3768z+pb6kjPFe34UIlA=="
    },
    "underscore": {
      "version": "1.8.3",
      "resolved": "https://registry.npmjs.org/underscore/-/underscore-1.8.3.tgz",
      "integrity": "sha1-Tz+1OxBuYJf8+ctBCfKl6b36UCI="
    }
  }
}
